<?xml version="1.0" encoding="utf-8"?>
<Project ToolsVersion="4.0" xmlns="http://schemas.microsoft.com/developer/msbuild/2003">
  <ItemGroup>
    <Filter Include="Source Files">
      <UniqueIdentifier>{4FC737F1-C7A5-4376-A066-2A32D752A2FF}</UniqueIdentifier>
      <Extensions>cpp;c;cc;cxx;c++;def;odl;idl;hpj;bat;asm;asmx</Extensions>
    </Filter>
    <Filter Include="Header Files">
      <UniqueIdentifier>{93995380-89BD-4b04-88EB-625FBE52EBFB}</UniqueIdentifier>
      <Extensions>h;hh;hpp;hxx;h++;hm;inl;inc;ipp;xsd</Extensions>
    </Filter>
    <Filter Include="Resource Files">
      <UniqueIdentifier>{67DA6AB6-F800-4c08-8B7A-83BB121AAD01}</UniqueIdentifier>
      <Extensions>rc;ico;cur;bmp;dlg;rc2;rct;bin;rgs;gif;jpg;jpeg;jpe;resx;tiff;tif;png;wav;mfcribbon-ms</Extensions>
    </Filter>
    <Filter Include="Source Files\Abstraction">
      <UniqueIdentifier>{73333b7d-0aed-4324-b7b1-24e3948814a2}</UniqueIdentifier>
    </Filter>
    <Filter Include="Header Files\Abstraction">
      <UniqueIdentifier>{31808e2b-0050-4c32-af2e-dcaac049280e}</UniqueIdentifier>
    </Filter>
    <Filter Include="Header Files\Events">
      <UniqueIdentifier>{308ceead-5838-4857-81f2-9b0c9d29f220}</UniqueIdentifier>
    </Filter>
    <Filter Include="Source Files\Events">
      <UniqueIdentifier>{1ec7774d-88c8-4cb6-90ed-07513c408b2f}</UniqueIdentifier>
    </Filter>
  </ItemGroup>
  <ItemGroup>
    <ClCompile Include="ContinueBreakReturn.cpp">
      <Filter>Source Files</Filter>
    </ClCompile>
    <ClCompile Include="main.cpp">
      <Filter>Source Files</Filter>
    </ClCompile>
    <ClCompile Include="Exceptions.cpp">
      <Filter>Source Files</Filter>
    </ClCompile>
    <ClCompile Include="Memory.cpp">
      <Filter>Source Files</Filter>
    </ClCompile>
    <ClCompile Include="BinaryOps.cpp">
      <Filter>Source Files</Filter>
    </ClCompile>
    <ClCompile Include="Cat.cpp">
      <Filter>Source Files\Abstraction</Filter>
    </ClCompile>
    <ClCompile Include="Dog.cpp">
      <Filter>Source Files\Abstraction</Filter>
    </ClCompile>
    <ClCompile Include="Animal.cpp">
      <Filter>Source Files\Abstraction</Filter>
    </ClCompile>
    <ClCompile Include="Abstraction.cpp">
      <Filter>Source Files</Filter>
    </ClCompile>
    <ClCompile Include="Subprograms.cpp">
      <Filter>Source Files</Filter>
    </ClCompile>
    <ClCompile Include="Concurrency.cpp">
      <Filter>Source Files</Filter>
    </ClCompile>
    <ClCompile Include="Events.cpp">
      <Filter>Source Files\Events</Filter>
    </ClCompile>
    <ClCompile Include="EventHandling.cpp">
      <Filter>Source Files</Filter>
    </ClCompile>
    <ClCompile Include="Functional.cpp">
      <Filter>Source Files</Filter>
    </ClCompile>
    <ClCompile Include="Naming.cpp">
      <Filter>Source Files</Filter>
    </ClCompile>
    <ClCompile Include="Scope.cpp">
      <Filter>Source Files</Filter>
    </ClCompile>
    <ClCompile Include="References.cpp">
      <Filter>Source Files</Filter>
    </ClCompile>
    <ClCompile Include="ParameterPassing.cpp">
      <Filter>Source Files</Filter>
    </ClCompile>
    <ClCompile Include="Overloading.cpp">
      <Filter>Source Files</Filter>
    </ClCompile>
    <ClCompile Include="TypeCasting.cpp">
      <Filter>Source Files</Filter>
    </ClCompile>
    <ClCompile Include="StatementLevel.cpp">
      <Filter>Source Files</Filter>
    </ClCompile>
    <ClCompile Include="StackRecursion.cpp">
      <Filter>Source Files</Filter>
    </ClCompile>
    <ClCompile Include="Generic.cpp">
      <Filter>Source Files</Filter>
    </ClCompile>
    <ClCompile Include="OOP.cpp">
      <Filter>Source Files</Filter>
    </ClCompile>
    <ClCompile Include="DiamondOfDeath.cpp">
      <Filter>Source Files</Filter>
    </ClCompile>
    <ClCompile Include="ObjectAllocation.cpp">
      <Filter>Source Files</Filter>
    </ClCompile>
  </ItemGroup>
  <ItemGroup>
    <ClInclude Include="Base.h">
      <Filter>Header Files</Filter>
    </ClInclude>
    <ClInclude Include="ContinueBreakReturn.h">
      <Filter>Header Files</Filter>
    </ClInclude>
    <ClInclude Include="Exceptions.h">
      <Filter>Header Files</Filter>
    </ClInclude>
    <ClInclude Include="Memory.h">
      <Filter>Header Files</Filter>
    </ClInclude>
    <ClInclude Include="BinaryOps.h">
      <Filter>Header Files</Filter>
    </ClInclude>
    <ClInclude Include="Abstraction.h">
      <Filter>Header Files</Filter>
    </ClInclude>
    <ClInclude Include="Cat.h">
      <Filter>Header Files\Abstraction</Filter>
    </ClInclude>
    <ClInclude Include="Dog.h">
      <Filter>Header Files\Abstraction</Filter>
    </ClInclude>
    <ClInclude Include="Animal.h">
      <Filter>Header Files\Abstraction</Filter>
    </ClInclude>
    <ClInclude Include="Subprograms.h">
      <Filter>Header Files</Filter>
    </ClInclude>
    <ClInclude Include="Concurrency.h">
      <Filter>Header Files</Filter>
    </ClInclude>
    <ClInclude Include="Events.h">
      <Filter>Header Files\Events</Filter>
    </ClInclude>
    <ClInclude Include="EventHandling.h">
      <Filter>Header Files</Filter>
    </ClInclude>
    <ClInclude Include="Functional.h">
      <Filter>Header Files</Filter>
    </ClInclude>
    <ClInclude Include="Naming.h">
      <Filter>Header Files</Filter>
    </ClInclude>
    <ClInclude Include="Scope.h">
      <Filter>Header Files</Filter>
    </ClInclude>
    <ClInclude Include="References.h">
      <Filter>Header Files</Filter>
    </ClInclude>
    <ClInclude Include="ParameterPassing.h">
      <Filter>Header Files</Filter>
    </ClInclude>
    <ClInclude Include="Overloading.h">
      <Filter>Header Files</Filter>
    </ClInclude>
    <ClInclude Include="TypeCasting.h">
      <Filter>Header Files</Filter>
    </ClInclude>
    <ClInclude Include="StatementLevel.h">
      <Filter>Header Files</Filter>
    </ClInclude>
    <ClInclude Include="StackRecursion.h">
      <Filter>Header Files</Filter>
    </ClInclude>
    <ClInclude Include="Generic.h">
      <Filter>Header Files</Filter>
    </ClInclude>
    <ClInclude Include="OOP.h">
      <Filter>Header Files</Filter>
    </ClInclude>
    <ClInclude Include="DiamondOfDeath.h">
      <Filter>Header Files</Filter>
    </ClInclude>
    <ClInclude Include="ObjectAllocation.h">
      <Filter>Header Files</Filter>
    </ClInclude>
  </ItemGroup>
</Project>